// !$*UTF8*$!
{
	archiveVersion = 1;
	classes = {
	};
	objectVersion = 56;
	objects = {

/* Begin PBXAggregateTarget section */
		1A00000000000000000001 /* Platformer3D */ = {
			isa = PBXAggregateTarget;
			buildConfigurationList = 1A00000000000000000010 /* Build configuration list for Platformer3D */;
			buildPhases = (
				1A00000000000000000040 /* Build with dotnet */,
			);
			dependencies = (
			);
			name = "Platformer3D";
			productName = "Platformer3D";
		};
/* End PBXAggregateTarget section */

/* Begin PBXProject section */
		1A00000000000000000002 /* Project object */ = {
			isa = PBXProject;
			attributes = {
				LastUpgradeCheck = 1500;
				ORGANIZATIONNAME = "Gimnasy";
				TargetAttributes = {
					1A00000000000000000001 = { CreatedOnToolsVersion = "15.0"; };
				};
			};
			buildConfigurationList = 1A00000000000000000011 /* Build configuration list for PBXProject */;
			compatibilityVersion = "Xcode 14.0";
			developmentRegion = en;
			hasScannedForEncodings = 0;
			knownRegions = ( en, Base );
			mainGroup = 1A00000000000000000003;
			projectDirPath = "";
			projectRoot = "";
			targets = (
				1A00000000000000000001 /* Platformer3D */,
			);
		};
/* End PBXProject section */

/* Begin PBXGroup section */
		1A00000000000000000003 = {
			isa = PBXGroup;
			children = (
			);
			sourceTree = "<group>";
		};
/* End PBXGroup section */

/* Begin PBXShellScriptBuildPhase section */
		1A00000000000000000040 /* Build with dotnet */ = {
			isa = PBXShellScriptBuildPhase;
			alwaysOutOfDate = 1;
			buildActionMask = 2147483647;
			files = (
			);
			inputFileListPaths = (
			);
			inputPaths = (
			);
			name = "Build with dotnet";
			outputFileListPaths = (
			);
			outputPaths = (
			);
			runOnlyForDeploymentPostprocessing = 0;
			shellPath = /bin/sh;
			shellScript = "set -e\necho \"Gimnasy: building $PRODUCT_NAME ($GIMNASY_RID / $CONFIGURATION)\"\nDOTNET=\"$(command -v dotnet || true)\"\nif [ -z \"$DOTNET\" ]; then\n  for p in \"$HOME/.dotnet/dotnet\" /opt/homebrew/bin/dotnet /usr/local/bin/dotnet /usr/local/share/dotnet/dotnet; do\n    if [ -x \"$p\" ]; then DOTNET=\"$p\"; break; fi\n  done\nfi\nif [ -z \"$DOTNET\" ]; then\n  echo \"error: .NET 8 SDK not found. Install it from https://dotnet.microsoft.com/download\"\n  exit 1\nfi\necho \"Gimnasy: using $DOTNET\"\n\"$DOTNET\" publish \"$GIMNASY_PROJECT\" -c \"$CONFIGURATION\" -r \"$GIMNASY_RID\" --self-contained true -p:PublishSingleFile=false -o \"$SRCROOT/$PRODUCT_NAME.app/Contents/MacOS\"\necho \"Gimnasy: published into $SRCROOT/$PRODUCT_NAME.app/Contents/MacOS\"\n";
		};
/* End PBXShellScriptBuildPhase section */

/* Begin XCBuildConfiguration section */
		1A00000000000000000020 /* Debug */ = {
			isa = XCBuildConfiguration;
			buildSettings = {
				CODE_SIGNING_ALLOWED = NO;
				GIMNASY_PROJECT = "../../../src/Gimnasy.Runtime/Gimnasy.Runtime.csproj";
				GIMNASY_RID = "osx-arm64";
				PRODUCT_NAME = "Platformer3D";
			};
			name = Debug;
		};
		1A00000000000000000021 /* Release */ = {
			isa = XCBuildConfiguration;
			buildSettings = {
				CODE_SIGNING_ALLOWED = NO;
				GIMNASY_PROJECT = "../../../src/Gimnasy.Runtime/Gimnasy.Runtime.csproj";
				GIMNASY_RID = "osx-arm64";
				PRODUCT_NAME = "Platformer3D";
			};
			name = Release;
		};
		1A00000000000000000030 /* Debug */ = {
			isa = XCBuildConfiguration;
			buildSettings = {
				PRODUCT_NAME = "Platformer3D";
				SDKROOT = macosx;
			};
			name = Debug;
		};
		1A00000000000000000031 /* Release */ = {
			isa = XCBuildConfiguration;
			buildSettings = {
				PRODUCT_NAME = "Platformer3D";
				SDKROOT = macosx;
			};
			name = Release;
		};
/* End XCBuildConfiguration section */

/* Begin XCConfigurationList section */
		1A00000000000000000010 /* Build configuration list for Platformer3D */ = {
			isa = XCConfigurationList;
			buildConfigurations = (
				1A00000000000000000020 /* Debug */,
				1A00000000000000000021 /* Release */,
			);
			defaultConfigurationIsVisible = 0;
			defaultConfigurationName = Release;
		};
		1A00000000000000000011 /* Build configuration list for PBXProject */ = {
			isa = XCConfigurationList;
			buildConfigurations = (
				1A00000000000000000030 /* Debug */,
				1A00000000000000000031 /* Release */,
			);
			defaultConfigurationIsVisible = 0;
			defaultConfigurationName = Release;
		};
/* End XCConfigurationList section */
	};
	rootObject = 1A00000000000000000002 /* Project object */;
}
